
Microsoft Visual Studio Solution File, Format Version 12.00
# Visual Studio Version 16
VisualStudioVersion = 16.0.31220.234
MinimumVisualStudioVersion = 10.0.40219.1
Project("{9A19103F-16F7-4668-BE54-9A1E7A4F7556}") = "PickerDemo", "PickerDemo\PickerDemo.csproj", "{85BCA50D-51D8-4779-9414-B66F91BE4A4F}"
EndProject
Project("{9A19103F-16F7-4668-BE54-9A1E7A4F7556}") = "PickerDemo.WinUI", "PickerDemo.WinUI\PickerDemo.WinUI.csproj", "{33346B3F-906B-42EB-BE6F-51ECDC047481}"
EndProject
Global
	GlobalSection(SolutionConfigurationPlatforms) = preSolution
		Debug|Any CPU = Debug|Any CPU
		Release|Any CPU = Release|Any CPU
	EndGlobalSection
	GlobalSection(ProjectConfigurationPlatforms) = postSolution
		{85BCA50D-51D8-4779-9414-B66F91BE4A4F}.Debug|Any CPU.ActiveCfg = Debug|Any CPU
		{85BCA50D-51D8-4779-9414-B66F91BE4A4F}.Debug|Any CPU.Build.0 = Debug|Any CPU
		{85BCA50D-51D8-4779-9414-B66F91BE4A4F}.Debug|Any CPU.Deploy.0 = Debug|Any CPU
		{85BCA50D-51D8-4779-9414-B66F91BE4A4F}.Release|Any CPU.ActiveCfg = Release|Any CPU
		{85BCA50D-51D8-4779-9414-B66F91BE4A4F}.Release|Any CPU.Build.0 = Release|Any CPU
		{85BCA50D-51D8-4779-9414-B66F91BE4A4F}.Release|Any CPU.Deploy.0 = Release|Any CPU
		{33346B3F-906B-42EB-BE6F-51ECDC047481}.Debug|Any CPU.ActiveCfg = Debug|Any CPU
		{33346B3F-906B-42EB-BE6F-51ECDC047481}.Debug|Any CPU.Build.0 = Debug|Any CPU
		{33346B3F-906B-42EB-BE6F-51ECDC047481}.Debug|Any CPU.Deploy.0 = Debug|Any CPU
		{33346B3F-906B-42EB-BE6F-51ECDC047481}.Release|Any CPU.ActiveCfg = Release|Any CPU
		{33346B3F-906B-42EB-BE6F-51ECDC047481}.Release|Any CPU.Build.0 = Release|Any CPU
		{33346B3F-906B-42EB-BE6F-51ECDC047481}.Release|Any CPU.Deploy.0 = Release|Any CPU
	EndGlobalSection
	GlobalSection(SolutionProperties) = preSolution
		HideSolutionNode = FALSE
	EndGlobalSection
	GlobalSection(ExtensibilityGlobals) = postSolution
		SolutionGuid = {61F7FB11-1E47-470C-91E2-47F8143E1572}
	EndGlobalSection
EndGlobal
