
Microsoft Visual Studio Solution File, Format Version 12.00
# Visual Studio Version 16
VisualStudioVersion = 16.0.31220.234
MinimumVisualStudioVersion = 10.0.40219.1
Project("{9A19103F-16F7-4668-BE54-9A1E7A4F7556}") = "ThemingDemo", "ThemingDemo\ThemingDemo.csproj", "{47CCE543-8818-4BAC-BA35-F2CEFA52A6D1}"
EndProject
Project("{9A19103F-16F7-4668-BE54-9A1E7A4F7556}") = "ThemingDemo.WinUI", "ThemingDemo.WinUI\ThemingDemo.WinUI.csproj", "{68D5E823-02D4-4A90-9A53-A34A323F9A62}"
EndProject
Global
	GlobalSection(SolutionConfigurationPlatforms) = preSolution
		Debug|Any CPU = Debug|Any CPU
		Release|Any CPU = Release|Any CPU
	EndGlobalSection
	GlobalSection(ProjectConfigurationPlatforms) = postSolution
		{47CCE543-8818-4BAC-BA35-F2CEFA52A6D1}.Debug|Any CPU.ActiveCfg = Debug|Any CPU
		{47CCE543-8818-4BAC-BA35-F2CEFA52A6D1}.Debug|Any CPU.Build.0 = Debug|Any CPU
		{47CCE543-8818-4BAC-BA35-F2CEFA52A6D1}.Debug|Any CPU.Deploy.0 = Debug|Any CPU
		{47CCE543-8818-4BAC-BA35-F2CEFA52A6D1}.Release|Any CPU.ActiveCfg = Release|Any CPU
		{47CCE543-8818-4BAC-BA35-F2CEFA52A6D1}.Release|Any CPU.Build.0 = Release|Any CPU
		{47CCE543-8818-4BAC-BA35-F2CEFA52A6D1}.Release|Any CPU.Deploy.0 = Release|Any CPU
		{68D5E823-02D4-4A90-9A53-A34A323F9A62}.Debug|Any CPU.ActiveCfg = Debug|Any CPU
		{68D5E823-02D4-4A90-9A53-A34A323F9A62}.Debug|Any CPU.Build.0 = Debug|Any CPU
		{68D5E823-02D4-4A90-9A53-A34A323F9A62}.Debug|Any CPU.Deploy.0 = Debug|Any CPU
		{68D5E823-02D4-4A90-9A53-A34A323F9A62}.Release|Any CPU.ActiveCfg = Release|Any CPU
		{68D5E823-02D4-4A90-9A53-A34A323F9A62}.Release|Any CPU.Build.0 = Release|Any CPU
		{68D5E823-02D4-4A90-9A53-A34A323F9A62}.Release|Any CPU.Deploy.0 = Release|Any CPU
	EndGlobalSection
	GlobalSection(SolutionProperties) = preSolution
		HideSolutionNode = FALSE
	EndGlobalSection
	GlobalSection(ExtensibilityGlobals) = postSolution
		SolutionGuid = {61F7FB11-1E47-470C-91E2-47F8143E1572}
	EndGlobalSection
EndGlobal
