
Microsoft Visual Studio Solution File, Format Version 12.00
# Visual Studio Version 16
VisualStudioVersion = 16.0.31220.234
MinimumVisualStudioVersion = 10.0.40219.1
Project("{9A19103F-16F7-4668-BE54-9A1E7A4F7556}") = "BindableLayoutDemo", "BindableLayoutDemo\BindableLayoutDemo.csproj", "{6E0D58D4-062F-45F9-BAF1-251ED544410B}"
EndProject
Project("{9A19103F-16F7-4668-BE54-9A1E7A4F7556}") = "BindableLayoutDemo.WinUI", "BindableLayoutDemo.WinUI\BindableLayoutDemo.WinUI.csproj", "{68351758-B8FB-4852-B9E7-226DC068663C}"
EndProject
Global
	GlobalSection(SolutionConfigurationPlatforms) = preSolution
		Debug|Any CPU = Debug|Any CPU
		Release|Any CPU = Release|Any CPU
	EndGlobalSection
	GlobalSection(ProjectConfigurationPlatforms) = postSolution
		{6E0D58D4-062F-45F9-BAF1-251ED544410B}.Debug|Any CPU.ActiveCfg = Debug|Any CPU
		{6E0D58D4-062F-45F9-BAF1-251ED544410B}.Debug|Any CPU.Build.0 = Debug|Any CPU
		{6E0D58D4-062F-45F9-BAF1-251ED544410B}.Debug|Any CPU.Deploy.0 = Debug|Any CPU
		{6E0D58D4-062F-45F9-BAF1-251ED544410B}.Release|Any CPU.ActiveCfg = Release|Any CPU
		{6E0D58D4-062F-45F9-BAF1-251ED544410B}.Release|Any CPU.Build.0 = Release|Any CPU
		{6E0D58D4-062F-45F9-BAF1-251ED544410B}.Release|Any CPU.Deploy.0 = Release|Any CPU
		{68351758-B8FB-4852-B9E7-226DC068663C}.Debug|Any CPU.ActiveCfg = Debug|Any CPU
		{68351758-B8FB-4852-B9E7-226DC068663C}.Debug|Any CPU.Build.0 = Debug|Any CPU
		{68351758-B8FB-4852-B9E7-226DC068663C}.Debug|Any CPU.Deploy.0 = Debug|Any CPU
		{68351758-B8FB-4852-B9E7-226DC068663C}.Release|Any CPU.ActiveCfg = Release|Any CPU
		{68351758-B8FB-4852-B9E7-226DC068663C}.Release|Any CPU.Build.0 = Release|Any CPU
		{68351758-B8FB-4852-B9E7-226DC068663C}.Release|Any CPU.Deploy.0 = Release|Any CPU
	EndGlobalSection
	GlobalSection(SolutionProperties) = preSolution
		HideSolutionNode = FALSE
	EndGlobalSection
	GlobalSection(ExtensibilityGlobals) = postSolution
		SolutionGuid = {61F7FB11-1E47-470C-91E2-47F8143E1572}
	EndGlobalSection
EndGlobal
