
Microsoft Visual Studio Solution File, Format Version 12.00
# Visual Studio Version 16
VisualStudioVersion = 16.0.31220.234
MinimumVisualStudioVersion = 10.0.40219.1
Project("{9A19103F-16F7-4668-BE54-9A1E7A4F7556}") = "MonkeyAppPicker", "MonkeyAppPicker\MonkeyAppPicker.csproj", "{C761F0DF-70C0-4642-BCB1-134EF4CDF840}"
EndProject
Project("{9A19103F-16F7-4668-BE54-9A1E7A4F7556}") = "MonkeyAppPicker.WinUI", "MonkeyAppPicker.WinUI\MonkeyAppPicker.WinUI.csproj", "{1D04BFA5-F54F-4020-8027-B7608EFA2A01}"
EndProject
Global
	GlobalSection(SolutionConfigurationPlatforms) = preSolution
		Debug|Any CPU = Debug|Any CPU
		Release|Any CPU = Release|Any CPU
	EndGlobalSection
	GlobalSection(ProjectConfigurationPlatforms) = postSolution
		{C761F0DF-70C0-4642-BCB1-134EF4CDF840}.Debug|Any CPU.ActiveCfg = Debug|Any CPU
		{C761F0DF-70C0-4642-BCB1-134EF4CDF840}.Debug|Any CPU.Build.0 = Debug|Any CPU
		{C761F0DF-70C0-4642-BCB1-134EF4CDF840}.Debug|Any CPU.Deploy.0 = Debug|Any CPU
		{C761F0DF-70C0-4642-BCB1-134EF4CDF840}.Release|Any CPU.ActiveCfg = Release|Any CPU
		{C761F0DF-70C0-4642-BCB1-134EF4CDF840}.Release|Any CPU.Build.0 = Release|Any CPU
		{C761F0DF-70C0-4642-BCB1-134EF4CDF840}.Release|Any CPU.Deploy.0 = Release|Any CPU
		{1D04BFA5-F54F-4020-8027-B7608EFA2A01}.Debug|Any CPU.ActiveCfg = Debug|Any CPU
		{1D04BFA5-F54F-4020-8027-B7608EFA2A01}.Debug|Any CPU.Build.0 = Debug|Any CPU
		{1D04BFA5-F54F-4020-8027-B7608EFA2A01}.Debug|Any CPU.Deploy.0 = Debug|Any CPU
		{1D04BFA5-F54F-4020-8027-B7608EFA2A01}.Release|Any CPU.ActiveCfg = Release|Any CPU
		{1D04BFA5-F54F-4020-8027-B7608EFA2A01}.Release|Any CPU.Build.0 = Release|Any CPU
		{1D04BFA5-F54F-4020-8027-B7608EFA2A01}.Release|Any CPU.Deploy.0 = Release|Any CPU
	EndGlobalSection
	GlobalSection(SolutionProperties) = preSolution
		HideSolutionNode = FALSE
	EndGlobalSection
	GlobalSection(ExtensibilityGlobals) = postSolution
		SolutionGuid = {61F7FB11-1E47-470C-91E2-47F8143E1572}
	EndGlobalSection
EndGlobal
