
Microsoft Visual Studio Solution File, Format Version 12.00
# Visual Studio Version 16
VisualStudioVersion = 16.0.31220.234
MinimumVisualStudioVersion = 10.0.40219.1
Project("{9A19103F-16F7-4668-BE54-9A1E7A4F7556}") = "VisualDemos", "VisualDemos\VisualDemos.csproj", "{DED24296-D5C5-4D4E-9A50-069268C9C5CA}"
EndProject
Project("{9A19103F-16F7-4668-BE54-9A1E7A4F7556}") = "VisualDemos.WinUI", "VisualDemos.WinUI\VisualDemos.WinUI.csproj", "{016F3533-9F77-4275-B552-EADBB07C80E3}"
EndProject
Global
	GlobalSection(SolutionConfigurationPlatforms) = preSolution
		Debug|Any CPU = Debug|Any CPU
		Release|Any CPU = Release|Any CPU
	EndGlobalSection
	GlobalSection(ProjectConfigurationPlatforms) = postSolution
		{DED24296-D5C5-4D4E-9A50-069268C9C5CA}.Debug|Any CPU.ActiveCfg = Debug|Any CPU
		{DED24296-D5C5-4D4E-9A50-069268C9C5CA}.Debug|Any CPU.Build.0 = Debug|Any CPU
		{DED24296-D5C5-4D4E-9A50-069268C9C5CA}.Debug|Any CPU.Deploy.0 = Debug|Any CPU
		{DED24296-D5C5-4D4E-9A50-069268C9C5CA}.Release|Any CPU.ActiveCfg = Release|Any CPU
		{DED24296-D5C5-4D4E-9A50-069268C9C5CA}.Release|Any CPU.Build.0 = Release|Any CPU
		{DED24296-D5C5-4D4E-9A50-069268C9C5CA}.Release|Any CPU.Deploy.0 = Release|Any CPU
		{016F3533-9F77-4275-B552-EADBB07C80E3}.Debug|Any CPU.ActiveCfg = Debug|Any CPU
		{016F3533-9F77-4275-B552-EADBB07C80E3}.Debug|Any CPU.Build.0 = Debug|Any CPU
		{016F3533-9F77-4275-B552-EADBB07C80E3}.Debug|Any CPU.Deploy.0 = Debug|Any CPU
		{016F3533-9F77-4275-B552-EADBB07C80E3}.Release|Any CPU.ActiveCfg = Release|Any CPU
		{016F3533-9F77-4275-B552-EADBB07C80E3}.Release|Any CPU.Build.0 = Release|Any CPU
		{016F3533-9F77-4275-B552-EADBB07C80E3}.Release|Any CPU.Deploy.0 = Release|Any CPU
	EndGlobalSection
	GlobalSection(SolutionProperties) = preSolution
		HideSolutionNode = FALSE
	EndGlobalSection
	GlobalSection(ExtensibilityGlobals) = postSolution
		SolutionGuid = {61F7FB11-1E47-470C-91E2-47F8143E1572}
	EndGlobalSection
EndGlobal
