
Microsoft Visual Studio Solution File, Format Version 12.00
# Visual Studio Version 16
VisualStudioVersion = 16.0.31220.234
MinimumVisualStudioVersion = 10.0.40219.1
Project("{9A19103F-16F7-4668-BE54-9A1E7A4F7556}") = "ShapesDemos", "ShapesDemos\ShapesDemos.csproj", "{2EC3FB4E-7577-4DCA-8618-E2ACF8543DBA}"
EndProject
Project("{9A19103F-16F7-4668-BE54-9A1E7A4F7556}") = "ShapesDemos.WinUI", "ShapesDemos.WinUI\ShapesDemos.WinUI.csproj", "{ABDCF5C7-FC66-4093-9988-A6B41495F998}"
EndProject
Global
	GlobalSection(SolutionConfigurationPlatforms) = preSolution
		Debug|Any CPU = Debug|Any CPU
		Release|Any CPU = Release|Any CPU
	EndGlobalSection
	GlobalSection(ProjectConfigurationPlatforms) = postSolution
		{2EC3FB4E-7577-4DCA-8618-E2ACF8543DBA}.Debug|Any CPU.ActiveCfg = Debug|Any CPU
		{2EC3FB4E-7577-4DCA-8618-E2ACF8543DBA}.Debug|Any CPU.Build.0 = Debug|Any CPU
		{2EC3FB4E-7577-4DCA-8618-E2ACF8543DBA}.Debug|Any CPU.Deploy.0 = Debug|Any CPU
		{2EC3FB4E-7577-4DCA-8618-E2ACF8543DBA}.Release|Any CPU.ActiveCfg = Release|Any CPU
		{2EC3FB4E-7577-4DCA-8618-E2ACF8543DBA}.Release|Any CPU.Build.0 = Release|Any CPU
		{2EC3FB4E-7577-4DCA-8618-E2ACF8543DBA}.Release|Any CPU.Deploy.0 = Release|Any CPU
		{ABDCF5C7-FC66-4093-9988-A6B41495F998}.Debug|Any CPU.ActiveCfg = Debug|Any CPU
		{ABDCF5C7-FC66-4093-9988-A6B41495F998}.Debug|Any CPU.Build.0 = Debug|Any CPU
		{ABDCF5C7-FC66-4093-9988-A6B41495F998}.Debug|Any CPU.Deploy.0 = Debug|Any CPU
		{ABDCF5C7-FC66-4093-9988-A6B41495F998}.Release|Any CPU.ActiveCfg = Release|Any CPU
		{ABDCF5C7-FC66-4093-9988-A6B41495F998}.Release|Any CPU.Build.0 = Release|Any CPU
		{ABDCF5C7-FC66-4093-9988-A6B41495F998}.Release|Any CPU.Deploy.0 = Release|Any CPU
	EndGlobalSection
	GlobalSection(SolutionProperties) = preSolution
		HideSolutionNode = FALSE
	EndGlobalSection
	GlobalSection(ExtensibilityGlobals) = postSolution
		SolutionGuid = {61F7FB11-1E47-470C-91E2-47F8143E1572}
	EndGlobalSection
EndGlobal
