
Microsoft Visual Studio Solution File, Format Version 12.00
# Visual Studio Version 16
VisualStudioVersion = 16.0.31220.234
MinimumVisualStudioVersion = 10.0.40219.1
Project("{9A19103F-16F7-4668-BE54-9A1E7A4F7556}") = "NativeSwitch", "NativeSwitch\NativeSwitch.csproj", "{BE532024-A598-4FA1-A1EE-56A87C9A72EA}"
EndProject
Project("{9A19103F-16F7-4668-BE54-9A1E7A4F7556}") = "NativeSwitch.WinUI", "NativeSwitch.WinUI\NativeSwitch.WinUI.csproj", "{BC0471E4-F85F-4CBD-8969-C73EFF6031F0}"
EndProject
Global
	GlobalSection(SolutionConfigurationPlatforms) = preSolution
		Debug|Any CPU = Debug|Any CPU
		Release|Any CPU = Release|Any CPU
	EndGlobalSection
	GlobalSection(ProjectConfigurationPlatforms) = postSolution
		{BE532024-A598-4FA1-A1EE-56A87C9A72EA}.Debug|Any CPU.ActiveCfg = Debug|Any CPU
		{BE532024-A598-4FA1-A1EE-56A87C9A72EA}.Debug|Any CPU.Build.0 = Debug|Any CPU
		{BE532024-A598-4FA1-A1EE-56A87C9A72EA}.Debug|Any CPU.Deploy.0 = Debug|Any CPU
		{BE532024-A598-4FA1-A1EE-56A87C9A72EA}.Release|Any CPU.ActiveCfg = Release|Any CPU
		{BE532024-A598-4FA1-A1EE-56A87C9A72EA}.Release|Any CPU.Build.0 = Release|Any CPU
		{BE532024-A598-4FA1-A1EE-56A87C9A72EA}.Release|Any CPU.Deploy.0 = Release|Any CPU
		{BC0471E4-F85F-4CBD-8969-C73EFF6031F0}.Debug|Any CPU.ActiveCfg = Debug|Any CPU
		{BC0471E4-F85F-4CBD-8969-C73EFF6031F0}.Debug|Any CPU.Build.0 = Debug|Any CPU
		{BC0471E4-F85F-4CBD-8969-C73EFF6031F0}.Debug|Any CPU.Deploy.0 = Debug|Any CPU
		{BC0471E4-F85F-4CBD-8969-C73EFF6031F0}.Release|Any CPU.ActiveCfg = Release|Any CPU
		{BC0471E4-F85F-4CBD-8969-C73EFF6031F0}.Release|Any CPU.Build.0 = Release|Any CPU
		{BC0471E4-F85F-4CBD-8969-C73EFF6031F0}.Release|Any CPU.Deploy.0 = Release|Any CPU
	EndGlobalSection
	GlobalSection(SolutionProperties) = preSolution
		HideSolutionNode = FALSE
	EndGlobalSection
	GlobalSection(ExtensibilityGlobals) = postSolution
		SolutionGuid = {61F7FB11-1E47-470C-91E2-47F8143E1572}
	EndGlobalSection
EndGlobal
