
Microsoft Visual Studio Solution File, Format Version 12.00
# Visual Studio Version 16
VisualStudioVersion = 16.0.31220.234
MinimumVisualStudioVersion = 10.0.40219.1
Project("{9A19103F-16F7-4668-BE54-9A1E7A4F7556}") = "BasicAnimation", "BasicAnimation\BasicAnimation.csproj", "{0D9E55F3-197A-452D-93AB-6AE751C48D15}"
EndProject
Project("{9A19103F-16F7-4668-BE54-9A1E7A4F7556}") = "BasicAnimation.WinUI", "BasicAnimation.WinUI\BasicAnimation.WinUI.csproj", "{8C2E0C44-AD07-4394-BF1E-7BA2EA34B885}"
EndProject
Global
	GlobalSection(SolutionConfigurationPlatforms) = preSolution
		Debug|Any CPU = Debug|Any CPU
		Release|Any CPU = Release|Any CPU
	EndGlobalSection
	GlobalSection(ProjectConfigurationPlatforms) = postSolution
		{0D9E55F3-197A-452D-93AB-6AE751C48D15}.Debug|Any CPU.ActiveCfg = Debug|Any CPU
		{0D9E55F3-197A-452D-93AB-6AE751C48D15}.Debug|Any CPU.Build.0 = Debug|Any CPU
		{0D9E55F3-197A-452D-93AB-6AE751C48D15}.Debug|Any CPU.Deploy.0 = Debug|Any CPU
		{0D9E55F3-197A-452D-93AB-6AE751C48D15}.Release|Any CPU.ActiveCfg = Release|Any CPU
		{0D9E55F3-197A-452D-93AB-6AE751C48D15}.Release|Any CPU.Build.0 = Release|Any CPU
		{0D9E55F3-197A-452D-93AB-6AE751C48D15}.Release|Any CPU.Deploy.0 = Release|Any CPU
		{8C2E0C44-AD07-4394-BF1E-7BA2EA34B885}.Debug|Any CPU.ActiveCfg = Debug|Any CPU
		{8C2E0C44-AD07-4394-BF1E-7BA2EA34B885}.Debug|Any CPU.Build.0 = Debug|Any CPU
		{8C2E0C44-AD07-4394-BF1E-7BA2EA34B885}.Debug|Any CPU.Deploy.0 = Debug|Any CPU
		{8C2E0C44-AD07-4394-BF1E-7BA2EA34B885}.Release|Any CPU.ActiveCfg = Release|Any CPU
		{8C2E0C44-AD07-4394-BF1E-7BA2EA34B885}.Release|Any CPU.Build.0 = Release|Any CPU
		{8C2E0C44-AD07-4394-BF1E-7BA2EA34B885}.Release|Any CPU.Deploy.0 = Release|Any CPU
	EndGlobalSection
	GlobalSection(SolutionProperties) = preSolution
		HideSolutionNode = FALSE
	EndGlobalSection
	GlobalSection(ExtensibilityGlobals) = postSolution
		SolutionGuid = {61F7FB11-1E47-470C-91E2-47F8143E1572}
	EndGlobalSection
EndGlobal
